
Microsoft Visual Studio Solution File, Format Version 12.00
# Visual Studio Version 16
VisualStudioVersion = 16.0.29326.143
MinimumVisualStudioVersion = 10.0.40219.1
Project("{FAE04EC0-301F-11D3-BF4B-00C04F79EFBC}") = "buzzer-api", "buzzer-api\buzzer-api.csproj", "{E5D6DA7F-7C76-4347-A920-97B23E13DAFC}"
EndProject
Global
	GlobalSection(SolutionConfigurationPlatforms) = preSolution
		Debug|Any CPU = Debug|Any CPU
		Release|Any CPU = Release|Any CPU
	EndGlobalSection
	GlobalSection(ProjectConfigurationPlatforms) = postSolution
		{E5D6DA7F-7C76-4347-A920-97B23E13DAFC}.Debug|Any CPU.ActiveCfg = Debug|Any CPU
		{E5D6DA7F-7C76-4347-A920-97B23E13DAFC}.Debug|Any CPU.Build.0 = Debug|Any CPU
		{E5D6DA7F-7C76-4347-A920-97B23E13DAFC}.Release|Any CPU.ActiveCfg = Release|Any CPU
		{E5D6DA7F-7C76-4347-A920-97B23E13DAFC}.Release|Any CPU.Build.0 = Release|Any CPU
	EndGlobalSection
	GlobalSection(SolutionProperties) = preSolution
		HideSolutionNode = FALSE
	EndGlobalSection
	GlobalSection(ExtensibilityGlobals) = postSolution
		SolutionGuid = {4A4090BC-E63C-48D6-859A-66554300E4C6}
	EndGlobalSection
EndGlobal
